
Microsoft Visual Studio Solution File, Format Version 12.00
# Visual Studio Version 16
VisualStudioVersion = 16.0.32802.440
MinimumVisualStudioVersion = 10.0.40219.1
Project("{8BC9CEB8-8B4A-11D0-8D11-00A0C91BC942}") = "C-calss2", "C-calss2\C-calss2.vcxproj", "{7AB3DA25-C7EF-48A1-AAA6-AD2B50DCD97D}"
EndProject
Global
	GlobalSection(SolutionConfigurationPlatforms) = preSolution
		Debug|x64 = Debug|x64
		Debug|x86 = Debug|x86
		Release|x64 = Release|x64
		Release|x86 = Release|x86
	EndGlobalSection
	GlobalSection(ProjectConfigurationPlatforms) = postSolution
		{7AB3DA25-C7EF-48A1-AAA6-AD2B50DCD97D}.Debug|x64.ActiveCfg = Debug|x64
		{7AB3DA25-C7EF-48A1-AAA6-AD2B50DCD97D}.Debug|x64.Build.0 = Debug|x64
		{7AB3DA25-C7EF-48A1-AAA6-AD2B50DCD97D}.Debug|x86.ActiveCfg = Debug|Win32
		{7AB3DA25-C7EF-48A1-AAA6-AD2B50DCD97D}.Debug|x86.Build.0 = Debug|Win32
		{7AB3DA25-C7EF-48A1-AAA6-AD2B50DCD97D}.Release|x64.ActiveCfg = Release|x64
		{7AB3DA25-C7EF-48A1-AAA6-AD2B50DCD97D}.Release|x64.Build.0 = Release|x64
		{7AB3DA25-C7EF-48A1-AAA6-AD2B50DCD97D}.Release|x86.ActiveCfg = Release|Win32
		{7AB3DA25-C7EF-48A1-AAA6-AD2B50DCD97D}.Release|x86.Build.0 = Release|Win32
	EndGlobalSection
	GlobalSection(SolutionProperties) = preSolution
		HideSolutionNode = FALSE
	EndGlobalSection
	GlobalSection(ExtensibilityGlobals) = postSolution
		SolutionGuid = {6C246462-69C1-4D9C-880C-F707722BCB7E}
	EndGlobalSection
EndGlobal
